// !$*UTF8*$!
{
	archiveVersion = 1;
	classes = {
	};
	objectVersion = 46;
	objects = {

/* Begin PBXBuildFile section */
		3F6825DE1C0E28BC0062A891 /* LogInViewController.m in Sources */ = {isa = PBXBuildFile; fileRef = 3F6825DD1C0E28BB0062A891 /* LogInViewController.m */; };
		3F6825E11C0E41AC0062A891 /* TutorialContentViewController.m in Sources */ = {isa = PBXBuildFile; fileRef = 3F6825E01C0E41AC0062A891 /* TutorialContentViewController.m */; };
		3F6825E71C0E4CB70062A891 /* EmbededViewController.m in Sources */ = {isa = PBXBuildFile; fileRef = 3F6825E61C0E4CB70062A891 /* EmbededViewController.m */; };
		3F6825FE1C10C8180062A891 /* InstagramEngine.m in Sources */ = {isa = PBXBuildFile; fileRef = 3F6825EB1C10C8180062A891 /* InstagramEngine.m */; };
		3F6825FF1C10C8180062A891 /* InstagramKitConstants.m in Sources */ = {isa = PBXBuildFile; fileRef = 3F6825EE1C10C8180062A891 /* InstagramKitConstants.m */; };
		3F6826001C10C8180062A891 /* InstagramComment.m in Sources */ = {isa = PBXBuildFile; fileRef = 3F6825F11C10C8180062A891 /* InstagramComment.m */; };
		3F6826011C10C8180062A891 /* InstagramLocation.m in Sources */ = {isa = PBXBuildFile; fileRef = 3F6825F31C10C8180062A891 /* InstagramLocation.m */; };
		3F6826021C10C8180062A891 /* InstagramMedia.m in Sources */ = {isa = PBXBuildFile; fileRef = 3F6825F51C10C8180062A891 /* InstagramMedia.m */; };
		3F6826031C10C8180062A891 /* InstagramModel.m in Sources */ = {isa = PBXBuildFile; fileRef = 3F6825F71C10C8180062A891 /* InstagramModel.m */; };
		3F6826041C10C8180062A891 /* InstagramPaginationInfo.m in Sources */ = {isa = PBXBuildFile; fileRef = 3F6825F91C10C8180062A891 /* InstagramPaginationInfo.m */; };
		3F6826051C10C8180062A891 /* InstagramTag.m in Sources */ = {isa = PBXBuildFile; fileRef = 3F6825FB1C10C8180062A891 /* InstagramTag.m */; };
		3F6826061C10C8180062A891 /* InstagramUser.m in Sources */ = {isa = PBXBuildFile; fileRef = 3F6825FD1C10C8180062A891 /* InstagramUser.m */; };
		3F68261B1C10CA860062A891 /* AFHTTPRequestOperation.m in Sources */ = {isa = PBXBuildFile; fileRef = 3F6826091C10CA860062A891 /* AFHTTPRequestOperation.m */; };
		3F68261C1C10CA860062A891 /* AFHTTPRequestOperationManager.m in Sources */ = {isa = PBXBuildFile; fileRef = 3F68260B1C10CA860062A891 /* AFHTTPRequestOperationManager.m */; };
		3F68261D1C10CA860062A891 /* AFHTTPSessionManager.m in Sources */ = {isa = PBXBuildFile; fileRef = 3F68260D1C10CA860062A891 /* AFHTTPSessionManager.m */; };
		3F68261E1C10CA860062A891 /* AFNetworkReachabilityManager.m in Sources */ = {isa = PBXBuildFile; fileRef = 3F6826101C10CA860062A891 /* AFNetworkReachabilityManager.m */; };
		3F68261F1C10CA860062A891 /* AFSecurityPolicy.m in Sources */ = {isa = PBXBuildFile; fileRef = 3F6826121C10CA860062A891 /* AFSecurityPolicy.m */; };
		3F6826201C10CA860062A891 /* AFURLConnectionOperation.m in Sources */ = {isa = PBXBuildFile; fileRef = 3F6826141C10CA860062A891 /* AFURLConnectionOperation.m */; };
		3F6826211C10CA860062A891 /* AFURLRequestSerialization.m in Sources */ = {isa = PBXBuildFile; fileRef = 3F6826161C10CA860062A891 /* AFURLRequestSerialization.m */; };
		3F6826221C10CA860062A891 /* AFURLResponseSerialization.m in Sources */ = {isa = PBXBuildFile; fileRef = 3F6826181C10CA860062A891 /* AFURLResponseSerialization.m */; };
		3F6826231C10CA860062A891 /* AFURLSessionManager.m in Sources */ = {isa = PBXBuildFile; fileRef = 3F68261A1C10CA860062A891 /* AFURLSessionManager.m */; };
		DAC130431C0C684F00C088CC /* main.m in Sources */ = {isa = PBXBuildFile; fileRef = DAC130421C0C684F00C088CC /* main.m */; };
		DAC130461C0C684F00C088CC /* AppDelegate.m in Sources */ = {isa = PBXBuildFile; fileRef = DAC130451C0C684F00C088CC /* AppDelegate.m */; };
		DAC1304C1C0C684F00C088CC /* Main.storyboard in Resources */ = {isa = PBXBuildFile; fileRef = DAC1304A1C0C684F00C088CC /* Main.storyboard */; };
		DAC1304E1C0C684F00C088CC /* Assets.xcassets in Resources */ = {isa = PBXBuildFile; fileRef = DAC1304D1C0C684F00C088CC /* Assets.xcassets */; };
		DAC130511C0C684F00C088CC /* LaunchScreen.storyboard in Resources */ = {isa = PBXBuildFile; fileRef = DAC1304F1C0C684F00C088CC /* LaunchScreen.storyboard */; };
		DAC1305C1C0C684F00C088CC /* SmarterQueueTests.m in Sources */ = {isa = PBXBuildFile; fileRef = DAC1305B1C0C684F00C088CC /* SmarterQueueTests.m */; };
		DAC130671C0C684F00C088CC /* SmarterQueueUITests.m in Sources */ = {isa = PBXBuildFile; fileRef = DAC130661C0C684F00C088CC /* SmarterQueueUITests.m */; };
		DAC130B21C0C685900C088CC /* SQFirstViewController.m in Sources */ = {isa = PBXBuildFile; fileRef = DAC1307C1C0C685900C088CC /* SQFirstViewController.m */; };
		DAC130B31C0C685900C088CC /* DEMOLeftMenuViewController.m in Sources */ = {isa = PBXBuildFile; fileRef = DAC1307E1C0C685900C088CC /* DEMOLeftMenuViewController.m */; };
		DAC130C71C0C685900C088CC /* RECommonFunctions.m in Sources */ = {isa = PBXBuildFile; fileRef = DAC130A91C0C685900C088CC /* RECommonFunctions.m */; };
		DAC130C81C0C685900C088CC /* RESideMenu.m in Sources */ = {isa = PBXBuildFile; fileRef = DAC130AB1C0C685900C088CC /* RESideMenu.m */; };
		DAC130C91C0C685900C088CC /* UIViewController+RESideMenu.m in Sources */ = {isa = PBXBuildFile; fileRef = DAC130AD1C0C685900C088CC /* UIViewController+RESideMenu.m */; };
		DAC130D31C0C6D2000C088CC /* logo.png in Resources */ = {isa = PBXBuildFile; fileRef = DAC130D21C0C6D2000C088CC /* logo.png */; };
		DAC130D51C0C6FCC00C088CC /* menu.png in Resources */ = {isa = PBXBuildFile; fileRef = DAC130D41C0C6FCC00C088CC /* menu.png */; };
		DAC130D91C0CE20600C088CC /* profile pic.jpg in Resources */ = {isa = PBXBuildFile; fileRef = DAC130D81C0CE20600C088CC /* profile pic.jpg */; };
		DACD41BA1C0F93FB00DF2502 /* SQPhotoReadyViewController.m in Sources */ = {isa = PBXBuildFile; fileRef = DACD41B91C0F93FB00DF2502 /* SQPhotoReadyViewController.m */; };
/* End PBXBuildFile section */

/* Begin PBXContainerItemProxy section */
		DAC130581C0C684F00C088CC /* PBXContainerItemProxy */ = {
			isa = PBXContainerItemProxy;
			containerPortal = DAC130361C0C684E00C088CC /* Project object */;
			proxyType = 1;
			remoteGlobalIDString = DAC1303D1C0C684F00C088CC;
			remoteInfo = SmarterQueue;
		};
		DAC130631C0C684F00C088CC /* PBXContainerItemProxy */ = {
			isa = PBXContainerItemProxy;
			containerPortal = DAC130361C0C684E00C088CC /* Project object */;
			proxyType = 1;
			remoteGlobalIDString = DAC1303D1C0C684F00C088CC;
			remoteInfo = SmarterQueue;
		};
/* End PBXContainerItemProxy section */

/* Begin PBXFileReference section */
		3F6825DC1C0E28BB0062A891 /* LogInViewController.h */ = {isa = PBXFileReference; fileEncoding = 4; lastKnownFileType = sourcecode.c.h; path = LogInViewController.h; sourceTree = "<group>"; };
		3F6825DD1C0E28BB0062A891 /* LogInViewController.m */ = {isa = PBXFileReference; fileEncoding = 4; lastKnownFileType = sourcecode.c.objc; path = LogInViewController.m; sourceTree = "<group>"; };
		3F6825DF1C0E41AC0062A891 /* TutorialContentViewController.h */ = {isa = PBXFileReference; fileEncoding = 4; lastKnownFileType = sourcecode.c.h; path = TutorialContentViewController.h; sourceTree = "<group>"; };
		3F6825E01C0E41AC0062A891 /* TutorialContentViewController.m */ = {isa = PBXFileReference; fileEncoding = 4; lastKnownFileType = sourcecode.c.objc; path = TutorialContentViewController.m; sourceTree = "<group>"; };
		3F6825E51C0E4CB70062A891 /* EmbededViewController.h */ = {isa = PBXFileReference; fileEncoding = 4; lastKnownFileType = sourcecode.c.h; path = EmbededViewController.h; sourceTree = "<group>"; };
		3F6825E61C0E4CB70062A891 /* EmbededViewController.m */ = {isa = PBXFileReference; fileEncoding = 4; lastKnownFileType = sourcecode.c.objc; path = EmbededViewController.m; sourceTree = "<group>"; };
		3F6825EA1C10C8180062A891 /* InstagramEngine.h */ = {isa = PBXFileReference; fileEncoding = 4; lastKnownFileType = sourcecode.c.h; path = InstagramEngine.h; sourceTree = "<group>"; };
		3F6825EB1C10C8180062A891 /* InstagramEngine.m */ = {isa = PBXFileReference; fileEncoding = 4; lastKnownFileType = sourcecode.c.objc; path = InstagramEngine.m; sourceTree = "<group>"; };
		3F6825EC1C10C8180062A891 /* InstagramKit.h */ = {isa = PBXFileReference; fileEncoding = 4; lastKnownFileType = sourcecode.c.h; path = InstagramKit.h; sourceTree = "<group>"; };
		3F6825ED1C10C8180062A891 /* InstagramKitConstants.h */ = {isa = PBXFileReference; fileEncoding = 4; lastKnownFileType = sourcecode.c.h; path = InstagramKitConstants.h; sourceTree = "<group>"; };
		3F6825EE1C10C8180062A891 /* InstagramKitConstants.m */ = {isa = PBXFileReference; fileEncoding = 4; lastKnownFileType = sourcecode.c.objc; path = InstagramKitConstants.m; sourceTree = "<group>"; };
		3F6825F01C10C8180062A891 /* InstagramComment.h */ = {isa = PBXFileReference; fileEncoding = 4; lastKnownFileType = sourcecode.c.h; path = InstagramComment.h; sourceTree = "<group>"; };
		3F6825F11C10C8180062A891 /* InstagramComment.m */ = {isa = PBXFileReference; fileEncoding = 4; lastKnownFileType = sourcecode.c.objc; path = InstagramComment.m; sourceTree = "<group>"; };
		3F6825F21C10C8180062A891 /* InstagramLocation.h */ = {isa = PBXFileReference; fileEncoding = 4; lastKnownFileType = sourcecode.c.h; path = InstagramLocation.h; sourceTree = "<group>"; };
		3F6825F31C10C8180062A891 /* InstagramLocation.m */ = {isa = PBXFileReference; fileEncoding = 4; lastKnownFileType = sourcecode.c.objc; path = InstagramLocation.m; sourceTree = "<group>"; };
		3F6825F41C10C8180062A891 /* InstagramMedia.h */ = {isa = PBXFileReference; fileEncoding = 4; lastKnownFileType = sourcecode.c.h; path = InstagramMedia.h; sourceTree = "<group>"; };
		3F6825F51C10C8180062A891 /* InstagramMedia.m */ = {isa = PBXFileReference; fileEncoding = 4; lastKnownFileType = sourcecode.c.objc; path = InstagramMedia.m; sourceTree = "<group>"; };
		3F6825F61C10C8180062A891 /* InstagramModel.h */ = {isa = PBXFileReference; fileEncoding = 4; lastKnownFileType = sourcecode.c.h; path = InstagramModel.h; sourceTree = "<group>"; };
		3F6825F71C10C8180062A891 /* InstagramModel.m */ = {isa = PBXFileReference; fileEncoding = 4; lastKnownFileType = sourcecode.c.objc; path = InstagramModel.m; sourceTree = "<group>"; };
		3F6825F81C10C8180062A891 /* InstagramPaginationInfo.h */ = {isa = PBXFileReference; fileEncoding = 4; lastKnownFileType = sourcecode.c.h; path = InstagramPaginationInfo.h; sourceTree = "<group>"; };
		3F6825F91C10C8180062A891 /* InstagramPaginationInfo.m */ = {isa = PBXFileReference; fileEncoding = 4; lastKnownFileType = sourcecode.c.objc; path = InstagramPaginationInfo.m; sourceTree = "<group>"; };
		3F6825FA1C10C8180062A891 /* InstagramTag.h */ = {isa = PBXFileReference; fileEncoding = 4; lastKnownFileType = sourcecode.c.h; path = InstagramTag.h; sourceTree = "<group>"; };
		3F6825FB1C10C8180062A891 /* InstagramTag.m */ = {isa = PBXFileReference; fileEncoding = 4; lastKnownFileType = sourcecode.c.objc; path = InstagramTag.m; sourceTree = "<group>"; };
		3F6825FC1C10C8180062A891 /* InstagramUser.h */ = {isa = PBXFileReference; fileEncoding = 4; lastKnownFileType = sourcecode.c.h; path = InstagramUser.h; sourceTree = "<group>"; };
		3F6825FD1C10C8180062A891 /* InstagramUser.m */ = {isa = PBXFileReference; fileEncoding = 4; lastKnownFileType = sourcecode.c.objc; path = InstagramUser.m; sourceTree = "<group>"; };
		3F6826081C10CA860062A891 /* AFHTTPRequestOperation.h */ = {isa = PBXFileReference; fileEncoding = 4; lastKnownFileType = sourcecode.c.h; path = AFHTTPRequestOperation.h; sourceTree = "<group>"; };
		3F6826091C10CA860062A891 /* AFHTTPRequestOperation.m */ = {isa = PBXFileReference; fileEncoding = 4; lastKnownFileType = sourcecode.c.objc; path = AFHTTPRequestOperation.m; sourceTree = "<group>"; };
		3F68260A1C10CA860062A891 /* AFHTTPRequestOperationManager.h */ = {isa = PBXFileReference; fileEncoding = 4; lastKnownFileType = sourcecode.c.h; path = AFHTTPRequestOperationManager.h; sourceTree = "<group>"; };
		3F68260B1C10CA860062A891 /* AFHTTPRequestOperationManager.m */ = {isa = PBXFileReference; fileEncoding = 4; lastKnownFileType = sourcecode.c.objc; path = AFHTTPRequestOperationManager.m; sourceTree = "<group>"; };
		3F68260C1C10CA860062A891 /* AFHTTPSessionManager.h */ = {isa = PBXFileReference; fileEncoding = 4; lastKnownFileType = sourcecode.c.h; path = AFHTTPSessionManager.h; sourceTree = "<group>"; };
		3F68260D1C10CA860062A891 /* AFHTTPSessionManager.m */ = {isa = PBXFileReference; fileEncoding = 4; lastKnownFileType = sourcecode.c.objc; path = AFHTTPSessionManager.m; sourceTree = "<group>"; };
		3F68260E1C10CA860062A891 /* AFNetworking.h */ = {isa = PBXFileReference; fileEncoding = 4; lastKnownFileType = sourcecode.c.h; path = AFNetworking.h; sourceTree = "<group>"; };
		3F68260F1C10CA860062A891 /* AFNetworkReachabilityManager.h */ = {isa = PBXFileReference; fileEncoding = 4; lastKnownFileType = sourcecode.c.h; path = AFNetworkReachabilityManager.h; sourceTree = "<group>"; };
		3F6826101C10CA860062A891 /* AFNetworkReachabilityManager.m */ = {isa = PBXFileReference; fileEncoding = 4; lastKnownFileType = sourcecode.c.objc; path = AFNetworkReachabilityManager.m; sourceTree = "<group>"; };
		3F6826111C10CA860062A891 /* AFSecurityPolicy.h */ = {isa = PBXFileReference; fileEncoding = 4; lastKnownFileType = sourcecode.c.h; path = AFSecurityPolicy.h; sourceTree = "<group>"; };
		3F6826121C10CA860062A891 /* AFSecurityPolicy.m */ = {isa = PBXFileReference; fileEncoding = 4; lastKnownFileType = sourcecode.c.objc; path = AFSecurityPolicy.m; sourceTree = "<group>"; };
		3F6826131C10CA860062A891 /* AFURLConnectionOperation.h */ = {isa = PBXFileReference; fileEncoding = 4; lastKnownFileType = sourcecode.c.h; path = AFURLConnectionOperation.h; sourceTree = "<group>"; };
		3F6826141C10CA860062A891 /* AFURLConnectionOperation.m */ = {isa = PBXFileReference; fileEncoding = 4; lastKnownFileType = sourcecode.c.objc; path = AFURLConnectionOperation.m; sourceTree = "<group>"; };
		3F6826151C10CA860062A891 /* AFURLRequestSerialization.h */ = {isa = PBXFileReference; fileEncoding = 4; lastKnownFileType = sourcecode.c.h; path = AFURLRequestSerialization.h; sourceTree = "<group>"; };
		3F6826161C10CA860062A891 /* AFURLRequestSerialization.m */ = {isa = PBXFileReference; fileEncoding = 4; lastKnownFileType = sourcecode.c.objc; path = AFURLRequestSerialization.m; sourceTree = "<group>"; };
		3F6826171C10CA860062A891 /* AFURLResponseSerialization.h */ = {isa = PBXFileReference; fileEncoding = 4; lastKnownFileType = sourcecode.c.h; path = AFURLResponseSerialization.h; sourceTree = "<group>"; };
		3F6826181C10CA860062A891 /* AFURLResponseSerialization.m */ = {isa = PBXFileReference; fileEncoding = 4; lastKnownFileType = sourcecode.c.objc; path = AFURLResponseSerialization.m; sourceTree = "<group>"; };
		3F6826191C10CA860062A891 /* AFURLSessionManager.h */ = {isa = PBXFileReference; fileEncoding = 4; lastKnownFileType = sourcecode.c.h; path = AFURLSessionManager.h; sourceTree = "<group>"; };
		3F68261A1C10CA860062A891 /* AFURLSessionManager.m */ = {isa = PBXFileReference; fileEncoding = 4; lastKnownFileType = sourcecode.c.objc; path = AFURLSessionManager.m; sourceTree = "<group>"; };
		DAC1303E1C0C684F00C088CC /* SmarterQueue.app */ = {isa = PBXFileReference; explicitFileType = wrapper.application; includeInIndex = 0; path = SmarterQueue.app; sourceTree = BUILT_PRODUCTS_DIR; };
		DAC130421C0C684F00C088CC /* main.m */ = {isa = PBXFileReference; lastKnownFileType = sourcecode.c.objc; path = main.m; sourceTree = "<group>"; };
		DAC130441C0C684F00C088CC /* AppDelegate.h */ = {isa = PBXFileReference; lastKnownFileType = sourcecode.c.h; path = AppDelegate.h; sourceTree = "<group>"; };
		DAC130451C0C684F00C088CC /* AppDelegate.m */ = {isa = PBXFileReference; lastKnownFileType = sourcecode.c.objc; path = AppDelegate.m; sourceTree = "<group>"; };
		DAC1304B1C0C684F00C088CC /* Base */ = {isa = PBXFileReference; lastKnownFileType = file.storyboard; name = Base; path = Base.lproj/Main.storyboard; sourceTree = "<group>"; };
		DAC1304D1C0C684F00C088CC /* Assets.xcassets */ = {isa = PBXFileReference; lastKnownFileType = folder.assetcatalog; path = Assets.xcassets; sourceTree = "<group>"; };
		DAC130501C0C684F00C088CC /* Base */ = {isa = PBXFileReference; lastKnownFileType = file.storyboard; name = Base; path = Base.lproj/LaunchScreen.storyboard; sourceTree = "<group>"; };
		DAC130521C0C684F00C088CC /* Info.plist */ = {isa = PBXFileReference; lastKnownFileType = text.plist.xml; path = Info.plist; sourceTree = "<group>"; };
		DAC130571C0C684F00C088CC /* SmarterQueueTests.xctest */ = {isa = PBXFileReference; explicitFileType = wrapper.cfbundle; includeInIndex = 0; path = SmarterQueueTests.xctest; sourceTree = BUILT_PRODUCTS_DIR; };
		DAC1305B1C0C684F00C088CC /* SmarterQueueTests.m */ = {isa = PBXFileReference; lastKnownFileType = sourcecode.c.objc; path = SmarterQueueTests.m; sourceTree = "<group>"; };
		DAC1305D1C0C684F00C088CC /* Info.plist */ = {isa = PBXFileReference; lastKnownFileType = text.plist.xml; path = Info.plist; sourceTree = "<group>"; };
		DAC130621C0C684F00C088CC /* SmarterQueueUITests.xctest */ = {isa = PBXFileReference; explicitFileType = wrapper.cfbundle; includeInIndex = 0; path = SmarterQueueUITests.xctest; sourceTree = BUILT_PRODUCTS_DIR; };
		DAC130661C0C684F00C088CC /* SmarterQueueUITests.m */ = {isa = PBXFileReference; lastKnownFileType = sourcecode.c.objc; path = SmarterQueueUITests.m; sourceTree = "<group>"; };
		DAC130681C0C684F00C088CC /* Info.plist */ = {isa = PBXFileReference; lastKnownFileType = text.plist.xml; path = Info.plist; sourceTree = "<group>"; };
		DAC1307B1C0C685900C088CC /* SQFirstViewController.h */ = {isa = PBXFileReference; fileEncoding = 4; lastKnownFileType = sourcecode.c.h; name = SQFirstViewController.h; path = "../RESideMenu-master-2/Examples/Simple/RESideMenuExample/SQFirstViewController.h"; sourceTree = "<group>"; };
		DAC1307C1C0C685900C088CC /* SQFirstViewController.m */ = {isa = PBXFileReference; fileEncoding = 4; lastKnownFileType = sourcecode.c.objc; name = SQFirstViewController.m; path = "../RESideMenu-master-2/Examples/Simple/RESideMenuExample/SQFirstViewController.m"; sourceTree = "<group>"; };
		DAC1307D1C0C685900C088CC /* DEMOLeftMenuViewController.h */ = {isa = PBXFileReference; fileEncoding = 4; lastKnownFileType = sourcecode.c.h; name = DEMOLeftMenuViewController.h; path = "../RESideMenu-master-2/Examples/Simple/RESideMenuExample/DEMOLeftMenuViewController.h"; sourceTree = "<group>"; };
		DAC1307E1C0C685900C088CC /* DEMOLeftMenuViewController.m */ = {isa = PBXFileReference; fileEncoding = 4; lastKnownFileType = sourcecode.c.objc; name = DEMOLeftMenuViewController.m; path = "../RESideMenu-master-2/Examples/Simple/RESideMenuExample/DEMOLeftMenuViewController.m"; sourceTree = "<group>"; };
		DAC130A81C0C685900C088CC /* RECommonFunctions.h */ = {isa = PBXFileReference; fileEncoding = 4; lastKnownFileType = sourcecode.c.h; path = RECommonFunctions.h; sourceTree = "<group>"; };
		DAC130A91C0C685900C088CC /* RECommonFunctions.m */ = {isa = PBXFileReference; fileEncoding = 4; lastKnownFileType = sourcecode.c.objc; path = RECommonFunctions.m; sourceTree = "<group>"; };
		DAC130AA1C0C685900C088CC /* RESideMenu.h */ = {isa = PBXFileReference; fileEncoding = 4; lastKnownFileType = sourcecode.c.h; path = RESideMenu.h; sourceTree = "<group>"; };
		DAC130AB1C0C685900C088CC /* RESideMenu.m */ = {isa = PBXFileReference; fileEncoding = 4; lastKnownFileType = sourcecode.c.objc; path = RESideMenu.m; sourceTree = "<group>"; };
		DAC130AC1C0C685900C088CC /* UIViewController+RESideMenu.h */ = {isa = PBXFileReference; fileEncoding = 4; lastKnownFileType = sourcecode.c.h; path = "UIViewController+RESideMenu.h"; sourceTree = "<group>"; };
		DAC130AD1C0C685900C088CC /* UIViewController+RESideMenu.m */ = {isa = PBXFileReference; fileEncoding = 4; lastKnownFileType = sourcecode.c.objc; path = "UIViewController+RESideMenu.m"; sourceTree = "<group>"; };
		DAC130D21C0C6D2000C088CC /* logo.png */ = {isa = PBXFileReference; lastKnownFileType = image.png; path = logo.png; sourceTree = "<group>"; };
		DAC130D41C0C6FCC00C088CC /* menu.png */ = {isa = PBXFileReference; lastKnownFileType = image.png; path = menu.png; sourceTree = "<group>"; };
		DAC130D81C0CE20600C088CC /* profile pic.jpg */ = {isa = PBXFileReference; lastKnownFileType = image.jpeg; path = "profile pic.jpg"; sourceTree = "<group>"; };
		DACD41B81C0F93FB00DF2502 /* SQPhotoReadyViewController.h */ = {isa = PBXFileReference; fileEncoding = 4; lastKnownFileType = sourcecode.c.h; path = SQPhotoReadyViewController.h; sourceTree = "<group>"; };
		DACD41B91C0F93FB00DF2502 /* SQPhotoReadyViewController.m */ = {isa = PBXFileReference; fileEncoding = 4; lastKnownFileType = sourcecode.c.objc; path = SQPhotoReadyViewController.m; sourceTree = "<group>"; };
/* End PBXFileReference section */

/* Begin PBXFrameworksBuildPhase section */
		DAC1303B1C0C684F00C088CC /* Frameworks */ = {
			isa = PBXFrameworksBuildPhase;
			buildActionMask = 2147483647;
			files = (
			);
			runOnlyForDeploymentPostprocessing = 0;
		};
		DAC130541C0C684F00C088CC /* Frameworks */ = {
			isa = PBXFrameworksBuildPhase;
			buildActionMask = 2147483647;
			files = (
			);
			runOnlyForDeploymentPostprocessing = 0;
		};
		DAC1305F1C0C684F00C088CC /* Frameworks */ = {
			isa = PBXFrameworksBuildPhase;
			buildActionMask = 2147483647;
			files = (
			);
			runOnlyForDeploymentPostprocessing = 0;
		};
/* End PBXFrameworksBuildPhase section */

/* Begin PBXGroup section */
		3F6825E81C10C8180062A891 /* InstagramKit */ = {
			isa = PBXGroup;
			children = (
				3F6825E91C10C8180062A891 /* Engine */,
				3F6825EC1C10C8180062A891 /* InstagramKit.h */,
				3F6825ED1C10C8180062A891 /* InstagramKitConstants.h */,
				3F6825EE1C10C8180062A891 /* InstagramKitConstants.m */,
				3F6825EF1C10C8180062A891 /* Models */,
			);
			path = InstagramKit;
			sourceTree = "<group>";
		};
		3F6825E91C10C8180062A891 /* Engine */ = {
			isa = PBXGroup;
			children = (
				3F6825EA1C10C8180062A891 /* InstagramEngine.h */,
				3F6825EB1C10C8180062A891 /* InstagramEngine.m */,
			);
			path = Engine;
			sourceTree = "<group>";
		};
		3F6825EF1C10C8180062A891 /* Models */ = {
			isa = PBXGroup;
			children = (
				3F6825F01C10C8180062A891 /* InstagramComment.h */,
				3F6825F11C10C8180062A891 /* InstagramComment.m */,
				3F6825F21C10C8180062A891 /* InstagramLocation.h */,
				3F6825F31C10C8180062A891 /* InstagramLocation.m */,
				3F6825F41C10C8180062A891 /* InstagramMedia.h */,
				3F6825F51C10C8180062A891 /* InstagramMedia.m */,
				3F6825F61C10C8180062A891 /* InstagramModel.h */,
				3F6825F71C10C8180062A891 /* InstagramModel.m */,
				3F6825F81C10C8180062A891 /* InstagramPaginationInfo.h */,
				3F6825F91C10C8180062A891 /* InstagramPaginationInfo.m */,
				3F6825FA1C10C8180062A891 /* InstagramTag.h */,
				3F6825FB1C10C8180062A891 /* InstagramTag.m */,
				3F6825FC1C10C8180062A891 /* InstagramUser.h */,
				3F6825FD1C10C8180062A891 /* InstagramUser.m */,
			);
			path = Models;
			sourceTree = "<group>";
		};
		3F6826071C10CA860062A891 /* AFNetworking */ = {
			isa = PBXGroup;
			children = (
				3F6826081C10CA860062A891 /* AFHTTPRequestOperation.h */,
				3F6826091C10CA860062A891 /* AFHTTPRequestOperation.m */,
				3F68260A1C10CA860062A891 /* AFHTTPRequestOperationManager.h */,
				3F68260B1C10CA860062A891 /* AFHTTPRequestOperationManager.m */,
				3F68260C1C10CA860062A891 /* AFHTTPSessionManager.h */,
				3F68260D1C10CA860062A891 /* AFHTTPSessionManager.m */,
				3F68260E1C10CA860062A891 /* AFNetworking.h */,
				3F68260F1C10CA860062A891 /* AFNetworkReachabilityManager.h */,
				3F6826101C10CA860062A891 /* AFNetworkReachabilityManager.m */,
				3F6826111C10CA860062A891 /* AFSecurityPolicy.h */,
				3F6826121C10CA860062A891 /* AFSecurityPolicy.m */,
				3F6826131C10CA860062A891 /* AFURLConnectionOperation.h */,
				3F6826141C10CA860062A891 /* AFURLConnectionOperation.m */,
				3F6826151C10CA860062A891 /* AFURLRequestSerialization.h */,
				3F6826161C10CA860062A891 /* AFURLRequestSerialization.m */,
				3F6826171C10CA860062A891 /* AFURLResponseSerialization.h */,
				3F6826181C10CA860062A891 /* AFURLResponseSerialization.m */,
				3F6826191C10CA860062A891 /* AFURLSessionManager.h */,
				3F68261A1C10CA860062A891 /* AFURLSessionManager.m */,
			);
			path = AFNetworking;
			sourceTree = "<group>";
		};
		DAC130351C0C684E00C088CC = {
			isa = PBXGroup;
			children = (
				3F6826071C10CA860062A891 /* AFNetworking */,
				3F6825E81C10C8180062A891 /* InstagramKit */,
				DAC130A71C0C685900C088CC /* RESideMenu */,
				DAC130401C0C684F00C088CC /* SmarterQueue */,
				DAC1305A1C0C684F00C088CC /* SmarterQueueTests */,
				DAC130651C0C684F00C088CC /* SmarterQueueUITests */,
				DAC1303F1C0C684F00C088CC /* Products */,
			);
			sourceTree = "<group>";
		};
		DAC1303F1C0C684F00C088CC /* Products */ = {
			isa = PBXGroup;
			children = (
				DAC1303E1C0C684F00C088CC /* SmarterQueue.app */,
				DAC130571C0C684F00C088CC /* SmarterQueueTests.xctest */,
				DAC130621C0C684F00C088CC /* SmarterQueueUITests.xctest */,
			);
			name = Products;
			sourceTree = "<group>";
		};
		DAC130401C0C684F00C088CC /* SmarterQueue */ = {
			isa = PBXGroup;
			children = (
				DAC1307D1C0C685900C088CC /* DEMOLeftMenuViewController.h */,
				DAC1307E1C0C685900C088CC /* DEMOLeftMenuViewController.m */,
				DAC130441C0C684F00C088CC /* AppDelegate.h */,
				DAC130451C0C684F00C088CC /* AppDelegate.m */,
				DAC1307B1C0C685900C088CC /* SQFirstViewController.h */,
				DAC1307C1C0C685900C088CC /* SQFirstViewController.m */,
				DACD41B81C0F93FB00DF2502 /* SQPhotoReadyViewController.h */,
				DACD41B91C0F93FB00DF2502 /* SQPhotoReadyViewController.m */,
				3F6825DC1C0E28BB0062A891 /* LogInViewController.h */,
				3F6825DD1C0E28BB0062A891 /* LogInViewController.m */,
				DAC1304A1C0C684F00C088CC /* Main.storyboard */,
				3F6825E51C0E4CB70062A891 /* EmbededViewController.h */,
				3F6825E61C0E4CB70062A891 /* EmbededViewController.m */,
				3F6825DF1C0E41AC0062A891 /* TutorialContentViewController.h */,
				3F6825E01C0E41AC0062A891 /* TutorialContentViewController.m */,
				DAC1304D1C0C684F00C088CC /* Assets.xcassets */,
				DAC1304F1C0C684F00C088CC /* LaunchScreen.storyboard */,
				DAC130521C0C684F00C088CC /* Info.plist */,
				DAC130411C0C684F00C088CC /* Supporting Files */,
			);
			path = SmarterQueue;
			sourceTree = "<group>";
		};
		DAC130411C0C684F00C088CC /* Supporting Files */ = {
			isa = PBXGroup;
			children = (
				DAC130D81C0CE20600C088CC /* profile pic.jpg */,
				DAC130D41C0C6FCC00C088CC /* menu.png */,
				DAC130D21C0C6D2000C088CC /* logo.png */,
				DAC130421C0C684F00C088CC /* main.m */,
			);
			name = "Supporting Files";
			sourceTree = "<group>";
		};
		DAC1305A1C0C684F00C088CC /* SmarterQueueTests */ = {
			isa = PBXGroup;
			children = (
				DAC1305B1C0C684F00C088CC /* SmarterQueueTests.m */,
				DAC1305D1C0C684F00C088CC /* Info.plist */,
			);
			path = SmarterQueueTests;
			sourceTree = "<group>";
		};
		DAC130651C0C684F00C088CC /* SmarterQueueUITests */ = {
			isa = PBXGroup;
			children = (
				DAC130661C0C684F00C088CC /* SmarterQueueUITests.m */,
				DAC130681C0C684F00C088CC /* Info.plist */,
			);
			path = SmarterQueueUITests;
			sourceTree = "<group>";
		};
		DAC130A71C0C685900C088CC /* RESideMenu */ = {
			isa = PBXGroup;
			children = (
				DAC130A81C0C685900C088CC /* RECommonFunctions.h */,
				DAC130A91C0C685900C088CC /* RECommonFunctions.m */,
				DAC130AA1C0C685900C088CC /* RESideMenu.h */,
				DAC130AB1C0C685900C088CC /* RESideMenu.m */,
				DAC130AC1C0C685900C088CC /* UIViewController+RESideMenu.h */,
				DAC130AD1C0C685900C088CC /* UIViewController+RESideMenu.m */,
			);
			name = RESideMenu;
			path = "RESideMenu-master-2/RESideMenu";
			sourceTree = "<group>";
		};
/* End PBXGroup section */

/* Begin PBXNativeTarget section */
		DAC1303D1C0C684F00C088CC /* SmarterQueue */ = {
			isa = PBXNativeTarget;
			buildConfigurationList = DAC1306B1C0C684F00C088CC /* Build configuration list for PBXNativeTarget "SmarterQueue" */;
			buildPhases = (
				DAC1303A1C0C684F00C088CC /* Sources */,
				DAC1303B1C0C684F00C088CC /* Frameworks */,
				DAC1303C1C0C684F00C088CC /* Resources */,
			);
			buildRules = (
			);
			dependencies = (
			);
			name = SmarterQueue;
			productName = SmarterQueue;
			productReference = DAC1303E1C0C684F00C088CC /* SmarterQueue.app */;
			productType = "com.apple.product-type.application";
		};
		DAC130561C0C684F00C088CC /* SmarterQueueTests */ = {
			isa = PBXNativeTarget;
			buildConfigurationList = DAC1306E1C0C684F00C088CC /* Build configuration list for PBXNativeTarget "SmarterQueueTests" */;
			buildPhases = (
				DAC130531C0C684F00C088CC /* Sources */,
				DAC130541C0C684F00C088CC /* Frameworks */,
				DAC130551C0C684F00C088CC /* Resources */,
			);
			buildRules = (
			);
			dependencies = (
				DAC130591C0C684F00C088CC /* PBXTargetDependency */,
			);
			name = SmarterQueueTests;
			productName = SmarterQueueTests;
			productReference = DAC130571C0C684F00C088CC /* SmarterQueueTests.xctest */;
			productType = "com.apple.product-type.bundle.unit-test";
		};
		DAC130611C0C684F00C088CC /* SmarterQueueUITests */ = {
			isa = PBXNativeTarget;
			buildConfigurationList = DAC130711C0C684F00C088CC /* Build configuration list for PBXNativeTarget "SmarterQueueUITests" */;
			buildPhases = (
				DAC1305E1C0C684F00C088CC /* Sources */,
				DAC1305F1C0C684F00C088CC /* Frameworks */,
				DAC130601C0C684F00C088CC /* Resources */,
			);
			buildRules = (
			);
			dependencies = (
				DAC130641C0C684F00C088CC /* PBXTargetDependency */,
			);
			name = SmarterQueueUITests;
			productName = SmarterQueueUITests;
			productReference = DAC130621C0C684F00C088CC /* SmarterQueueUITests.xctest */;
			productType = "com.apple.product-type.bundle.ui-testing";
		};
/* End PBXNativeTarget section */

/* Begin PBXProject section */
		DAC130361C0C684E00C088CC /* Project object */ = {
			isa = PBXProject;
			attributes = {
				LastUpgradeCheck = 0710;
				ORGANIZATIONNAME = SmarterQueue;
				TargetAttributes = {
					DAC1303D1C0C684F00C088CC = {
						CreatedOnToolsVersion = 7.1.1;
						DevelopmentTeam = D5F6WJW852;
					};
					DAC130561C0C684F00C088CC = {
						CreatedOnToolsVersion = 7.1.1;
						TestTargetID = DAC1303D1C0C684F00C088CC;
					};
					DAC130611C0C684F00C088CC = {
						CreatedOnToolsVersion = 7.1.1;
						TestTargetID = DAC1303D1C0C684F00C088CC;
					};
				};
			};
			buildConfigurationList = DAC130391C0C684E00C088CC /* Build configuration list for PBXProject "SmarterQueue" */;
			compatibilityVersion = "Xcode 3.2";
			developmentRegion = English;
			hasScannedForEncodings = 0;
			knownRegions = (
				en,
				Base,
			);
			mainGroup = DAC130351C0C684E00C088CC;
			productRefGroup = DAC1303F1C0C684F00C088CC /* Products */;
			projectDirPath = "";
			projectRoot = "";
			targets = (
				DAC1303D1C0C684F00C088CC /* SmarterQueue */,
				DAC130561C0C684F00C088CC /* SmarterQueueTests */,
				DAC130611C0C684F00C088CC /* SmarterQueueUITests */,
			);
		};
/* End PBXProject section */

/* Begin PBXResourcesBuildPhase section */
		DAC1303C1C0C684F00C088CC /* Resources */ = {
			isa = PBXResourcesBuildPhase;
			buildActionMask = 2147483647;
			files = (
				DAC130D31C0C6D2000C088CC /* logo.png in Resources */,
				DAC130D51C0C6FCC00C088CC /* menu.png in Resources */,
				DAC130511C0C684F00C088CC /* LaunchScreen.storyboard in Resources */,
				DAC130D91C0CE20600C088CC /* profile pic.jpg in Resources */,
				DAC1304E1C0C684F00C088CC /* Assets.xcassets in Resources */,
				DAC1304C1C0C684F00C088CC /* Main.storyboard in Resources */,
			);
			runOnlyForDeploymentPostprocessing = 0;
		};
		DAC130551C0C684F00C088CC /* Resources */ = {
			isa = PBXResourcesBuildPhase;
			buildActionMask = 2147483647;
			files = (
			);
			runOnlyForDeploymentPostprocessing = 0;
		};
		DAC130601C0C684F00C088CC /* Resources */ = {
			isa = PBXResourcesBuildPhase;
			buildActionMask = 2147483647;
			files = (
			);
			runOnlyForDeploymentPostprocessing = 0;
		};
/* End PBXResourcesBuildPhase section */

/* Begin PBXSourcesBuildPhase section */
		DAC1303A1C0C684F00C088CC /* Sources */ = {
			isa = PBXSourcesBuildPhase;
			buildActionMask = 2147483647;
			files = (
				3F6826211C10CA860062A891 /* AFURLRequestSerialization.m in Sources */,
				3F6826201C10CA860062A891 /* AFURLConnectionOperation.m in Sources */,
				3F6826041C10C8180062A891 /* InstagramPaginationInfo.m in Sources */,
				3F6825FE1C10C8180062A891 /* InstagramEngine.m in Sources */,
				3F6826021C10C8180062A891 /* InstagramMedia.m in Sources */,
				3F6826231C10CA860062A891 /* AFURLSessionManager.m in Sources */,
				3F6826061C10C8180062A891 /* InstagramUser.m in Sources */,
				3F6825DE1C0E28BC0062A891 /* LogInViewController.m in Sources */,
				DACD41BA1C0F93FB00DF2502 /* SQPhotoReadyViewController.m in Sources */,
				3F68261F1C10CA860062A891 /* AFSecurityPolicy.m in Sources */,
				3F68261B1C10CA860062A891 /* AFHTTPRequestOperation.m in Sources */,
				3F6825E71C0E4CB70062A891 /* EmbededViewController.m in Sources */,
				3F6825FF1C10C8180062A891 /* InstagramKitConstants.m in Sources */,
				DAC130C71C0C685900C088CC /* RECommonFunctions.m in Sources */,
				3F6826011C10C8180062A891 /* InstagramLocation.m in Sources */,
				DAC130461C0C684F00C088CC /* AppDelegate.m in Sources */,
				DAC130B31C0C685900C088CC /* DEMOLeftMenuViewController.m in Sources */,
				3F68261D1C10CA860062A891 /* AFHTTPSessionManager.m in Sources */,
				3F6826051C10C8180062A891 /* InstagramTag.m in Sources */,
				3F6826031C10C8180062A891 /* InstagramModel.m in Sources */,
				DAC130C81C0C685900C088CC /* RESideMenu.m in Sources */,
				3F68261C1C10CA860062A891 /* AFHTTPRequestOperationManager.m in Sources */,
				DAC130B21C0C685900C088CC /* SQFirstViewController.m in Sources */,
				DAC130C91C0C685900C088CC /* UIViewController+RESideMenu.m in Sources */,
				DAC130431C0C684F00C088CC /* main.m in Sources */,
				3F6826001C10C8180062A891 /* InstagramComment.m in Sources */,
				3F68261E1C10CA860062A891 /* AFNetworkReachabilityManager.m in Sources */,
				3F6826221C10CA860062A891 /* AFURLResponseSerialization.m in Sources */,
				3F6825E11C0E41AC0062A891 /* TutorialContentViewController.m in Sources */,
			);
			runOnlyForDeploymentPostprocessing = 0;
		};
		DAC130531C0C684F00C088CC /* Sources */ = {
			isa = PBXSourcesBuildPhase;
			buildActionMask = 2147483647;
			files = (
				DAC1305C1C0C684F00C088CC /* SmarterQueueTests.m in Sources */,
			);
			runOnlyForDeploymentPostprocessing = 0;
		};
		DAC1305E1C0C684F00C088CC /* Sources */ = {
			isa = PBXSourcesBuildPhase;
			buildActionMask = 2147483647;
			files = (
				DAC130671C0C684F00C088CC /* SmarterQueueUITests.m in Sources */,
			);
			runOnlyForDeploymentPostprocessing = 0;
		};
/* End PBXSourcesBuildPhase section */

/* Begin PBXTargetDependency section */
		DAC130591C0C684F00C088CC /* PBXTargetDependency */ = {
			isa = PBXTargetDependency;
			target = DAC1303D1C0C684F00C088CC /* SmarterQueue */;
			targetProxy = DAC130581C0C684F00C088CC /* PBXContainerItemProxy */;
		};
		DAC130641C0C684F00C088CC /* PBXTargetDependency */ = {
			isa = PBXTargetDependency;
			target = DAC1303D1C0C684F00C088CC /* SmarterQueue */;
			targetProxy = DAC130631C0C684F00C088CC /* PBXContainerItemProxy */;
		};
/* End PBXTargetDependency section */

/* Begin PBXVariantGroup section */
		DAC1304A1C0C684F00C088CC /* Main.storyboard */ = {
			isa = PBXVariantGroup;
			children = (
				DAC1304B1C0C684F00C088CC /* Base */,
			);
			name = Main.storyboard;
			sourceTree = "<group>";
		};
		DAC1304F1C0C684F00C088CC /* LaunchScreen.storyboard */ = {
			isa = PBXVariantGroup;
			children = (
				DAC130501C0C684F00C088CC /* Base */,
			);
			name = LaunchScreen.storyboard;
			sourceTree = "<group>";
		};
/* End PBXVariantGroup section */

/* Begin XCBuildConfiguration section */
		DAC130691C0C684F00C088CC /* Debug */ = {
			isa = XCBuildConfiguration;
			buildSettings = {
				ALWAYS_SEARCH_USER_PATHS = NO;
				CLANG_CXX_LANGUAGE_STANDARD = "gnu++0x";
				CLANG_CXX_LIBRARY = "libc++";
				CLANG_ENABLE_MODULES = YES;
				CLANG_ENABLE_OBJC_ARC = YES;
				CLANG_WARN_BOOL_CONVERSION = YES;
				CLANG_WARN_CONSTANT_CONVERSION = YES;
				CLANG_WARN_DIRECT_OBJC_ISA_USAGE = YES_ERROR;
				CLANG_WARN_EMPTY_BODY = YES;
				CLANG_WARN_ENUM_CONVERSION = YES;
				CLANG_WARN_INT_CONVERSION = YES;
				CLANG_WARN_OBJC_ROOT_CLASS = YES_ERROR;
				CLANG_WARN_UNREACHABLE_CODE = YES;
				CLANG_WARN__DUPLICATE_METHOD_MATCH = YES;
				"CODE_SIGN_IDENTITY[sdk=iphoneos*]" = "iPhone Developer";
				COPY_PHASE_STRIP = NO;
				DEBUG_INFORMATION_FORMAT = dwarf;
				ENABLE_STRICT_OBJC_MSGSEND = YES;
				ENABLE_TESTABILITY = YES;
				GCC_C_LANGUAGE_STANDARD = gnu99;
				GCC_DYNAMIC_NO_PIC = NO;
				GCC_NO_COMMON_BLOCKS = YES;
				GCC_OPTIMIZATION_LEVEL = 0;
				GCC_PREPROCESSOR_DEFINITIONS = (
					"DEBUG=1",
					"$(inherited)",
				);
				GCC_WARN_64_TO_32_BIT_CONVERSION = YES;
				GCC_WARN_ABOUT_RETURN_TYPE = YES_ERROR;
				GCC_WARN_UNDECLARED_SELECTOR = YES;
				GCC_WARN_UNINITIALIZED_AUTOS = YES_AGGRESSIVE;
				GCC_WARN_UNUSED_FUNCTION = YES;
				GCC_WARN_UNUSED_VARIABLE = YES;
				IPHONEOS_DEPLOYMENT_TARGET = 9.1;
				MTL_ENABLE_DEBUG_INFO = YES;
				ONLY_ACTIVE_ARCH = YES;
				SDKROOT = iphoneos;
				TARGETED_DEVICE_FAMILY = "1,2";
			};
			name = Debug;
		};
		DAC1306A1C0C684F00C088CC /* Release */ = {
			isa = XCBuildConfiguration;
			buildSettings = {
				ALWAYS_SEARCH_USER_PATHS = NO;
				CLANG_CXX_LANGUAGE_STANDARD = "gnu++0x";
				CLANG_CXX_LIBRARY = "libc++";
				CLANG_ENABLE_MODULES = YES;
				CLANG_ENABLE_OBJC_ARC = YES;
				CLANG_WARN_BOOL_CONVERSION = YES;
				CLANG_WARN_CONSTANT_CONVERSION = YES;
				CLANG_WARN_DIRECT_OBJC_ISA_USAGE = YES_ERROR;
				CLANG_WARN_EMPTY_BODY = YES;
				CLANG_WARN_ENUM_CONVERSION = YES;
				CLANG_WARN_INT_CONVERSION = YES;
				CLANG_WARN_OBJC_ROOT_CLASS = YES_ERROR;
				CLANG_WARN_UNREACHABLE_CODE = YES;
				CLANG_WARN__DUPLICATE_METHOD_MATCH = YES;
				"CODE_SIGN_IDENTITY[sdk=iphoneos*]" = "iPhone Developer";
				COPY_PHASE_STRIP = NO;
				DEBUG_INFORMATION_FORMAT = "dwarf-with-dsym";
				ENABLE_NS_ASSERTIONS = NO;
				ENABLE_STRICT_OBJC_MSGSEND = YES;
				GCC_C_LANGUAGE_STANDARD = gnu99;
				GCC_NO_COMMON_BLOCKS = YES;
				GCC_WARN_64_TO_32_BIT_CONVERSION = YES;
				GCC_WARN_ABOUT_RETURN_TYPE = YES_ERROR;
				GCC_WARN_UNDECLARED_SELECTOR = YES;
				GCC_WARN_UNINITIALIZED_AUTOS = YES_AGGRESSIVE;
				GCC_WARN_UNUSED_FUNCTION = YES;
				GCC_WARN_UNUSED_VARIABLE = YES;
				IPHONEOS_DEPLOYMENT_TARGET = 9.1;
				MTL_ENABLE_DEBUG_INFO = NO;
				SDKROOT = iphoneos;
				TARGETED_DEVICE_FAMILY = "1,2";
				VALIDATE_PRODUCT = YES;
			};
			name = Release;
		};
		DAC1306C1C0C684F00C088CC /* Debug */ = {
			isa = XCBuildConfiguration;
			buildSettings = {
				ASSETCATALOG_COMPILER_APPICON_NAME = AppIcon;
				CODE_SIGN_IDENTITY = "iPhone Developer";
				"CODE_SIGN_IDENTITY[sdk=iphoneos*]" = "iPhone Developer";
				INFOPLIST_FILE = SmarterQueue/Info.plist;
				LD_RUNPATH_SEARCH_PATHS = "$(inherited) @executable_path/Frameworks";
				PRODUCT_BUNDLE_IDENTIFIER = SQ.SmarterQueue;
				PRODUCT_NAME = "$(TARGET_NAME)";
				PROVISIONING_PROFILE = "";
			};
			name = Debug;
		};
		DAC1306D1C0C684F00C088CC /* Release */ = {
			isa = XCBuildConfiguration;
			buildSettings = {
				ASSETCATALOG_COMPILER_APPICON_NAME = AppIcon;
				CODE_SIGN_IDENTITY = "iPhone Developer";
				"CODE_SIGN_IDENTITY[sdk=iphoneos*]" = "iPhone Developer";
				INFOPLIST_FILE = SmarterQueue/Info.plist;
				LD_RUNPATH_SEARCH_PATHS = "$(inherited) @executable_path/Frameworks";
				PRODUCT_BUNDLE_IDENTIFIER = SQ.SmarterQueue;
				PRODUCT_NAME = "$(TARGET_NAME)";
				PROVISIONING_PROFILE = "";
			};
			name = Release;
		};
		DAC1306F1C0C684F00C088CC /* Debug */ = {
			isa = XCBuildConfiguration;
			buildSettings = {
				BUNDLE_LOADER = "$(TEST_HOST)";
				INFOPLIST_FILE = SmarterQueueTests/Info.plist;
				LD_RUNPATH_SEARCH_PATHS = "$(inherited) @executable_path/Frameworks @loader_path/Frameworks";
				PRODUCT_BUNDLE_IDENTIFIER = SQ.SmarterQueueTests;
				PRODUCT_NAME = "$(TARGET_NAME)";
				TEST_HOST = "$(BUILT_PRODUCTS_DIR)/SmarterQueue.app/SmarterQueue";
			};
			name = Debug;
		};
		DAC130701C0C684F00C088CC /* Release */ = {
			isa = XCBuildConfiguration;
			buildSettings = {
				BUNDLE_LOADER = "$(TEST_HOST)";
				INFOPLIST_FILE = SmarterQueueTests/Info.plist;
				LD_RUNPATH_SEARCH_PATHS = "$(inherited) @executable_path/Frameworks @loader_path/Frameworks";
				PRODUCT_BUNDLE_IDENTIFIER = SQ.SmarterQueueTests;
				PRODUCT_NAME = "$(TARGET_NAME)";
				TEST_HOST = "$(BUILT_PRODUCTS_DIR)/SmarterQueue.app/SmarterQueue";
			};
			name = Release;
		};
		DAC130721C0C684F00C088CC /* Debug */ = {
			isa = XCBuildConfiguration;
			buildSettings = {
				INFOPLIST_FILE = SmarterQueueUITests/Info.plist;
				LD_RUNPATH_SEARCH_PATHS = "$(inherited) @executable_path/Frameworks @loader_path/Frameworks";
				PRODUCT_BUNDLE_IDENTIFIER = SQ.SmarterQueueUITests;
				PRODUCT_NAME = "$(TARGET_NAME)";
				TEST_TARGET_NAME = SmarterQueue;
				USES_XCTRUNNER = YES;
			};
			name = Debug;
		};
		DAC130731C0C684F00C088CC /* Release */ = {
			isa = XCBuildConfiguration;
			buildSettings = {
				INFOPLIST_FILE = SmarterQueueUITests/Info.plist;
				LD_RUNPATH_SEARCH_PATHS = "$(inherited) @executable_path/Frameworks @loader_path/Frameworks";
				PRODUCT_BUNDLE_IDENTIFIER = SQ.SmarterQueueUITests;
				PRODUCT_NAME = "$(TARGET_NAME)";
				TEST_TARGET_NAME = SmarterQueue;
				USES_XCTRUNNER = YES;
			};
			name = Release;
		};
/* End XCBuildConfiguration section */

/* Begin XCConfigurationList section */
		DAC130391C0C684E00C088CC /* Build configuration list for PBXProject "SmarterQueue" */ = {
			isa = XCConfigurationList;
			buildConfigurations = (
				DAC130691C0C684F00C088CC /* Debug */,
				DAC1306A1C0C684F00C088CC /* Release */,
			);
			defaultConfigurationIsVisible = 0;
			defaultConfigurationName = Release;
		};
		DAC1306B1C0C684F00C088CC /* Build configuration list for PBXNativeTarget "SmarterQueue" */ = {
			isa = XCConfigurationList;
			buildConfigurations = (
				DAC1306C1C0C684F00C088CC /* Debug */,
				DAC1306D1C0C684F00C088CC /* Release */,
			);
			defaultConfigurationIsVisible = 0;
			defaultConfigurationName = Release;
		};
		DAC1306E1C0C684F00C088CC /* Build configuration list for PBXNativeTarget "SmarterQueueTests" */ = {
			isa = XCConfigurationList;
			buildConfigurations = (
				DAC1306F1C0C684F00C088CC /* Debug */,
				DAC130701C0C684F00C088CC /* Release */,
			);
			defaultConfigurationIsVisible = 0;
			defaultConfigurationName = Release;
		};
		DAC130711C0C684F00C088CC /* Build configuration list for PBXNativeTarget "SmarterQueueUITests" */ = {
			isa = XCConfigurationList;
			buildConfigurations = (
				DAC130721C0C684F00C088CC /* Debug */,
				DAC130731C0C684F00C088CC /* Release */,
			);
			defaultConfigurationIsVisible = 0;
			defaultConfigurationName = Release;
		};
/* End XCConfigurationList section */
	};
	rootObject = DAC130361C0C684E00C088CC /* Project object */;
}
